
Microsoft Visual Studio Solution File, Format Version 12.00
# Visual Studio 15
VisualStudioVersion = 15.0.28307.421
MinimumVisualStudioVersion = 10.0.40219.1
Project("{FAE04EC0-301F-11D3-BF4B-00C04F79EFBC}") = "dyreportalen-webapi", "dyreportalen-webapi\dyreportalen-webapi.csproj", "{B2A1F67E-0B5A-4108-9293-496598095DE7}"
EndProject
Global
	GlobalSection(SolutionConfigurationPlatforms) = preSolution
		Debug|Any CPU = Debug|Any CPU
		Release|Any CPU = Release|Any CPU
	EndGlobalSection
	GlobalSection(ProjectConfigurationPlatforms) = postSolution
		{B2A1F67E-0B5A-4108-9293-496598095DE7}.Debug|Any CPU.ActiveCfg = Debug|Any CPU
		{B2A1F67E-0B5A-4108-9293-496598095DE7}.Debug|Any CPU.Build.0 = Debug|Any CPU
		{B2A1F67E-0B5A-4108-9293-496598095DE7}.Release|Any CPU.ActiveCfg = Release|Any CPU
		{B2A1F67E-0B5A-4108-9293-496598095DE7}.Release|Any CPU.Build.0 = Release|Any CPU
	EndGlobalSection
	GlobalSection(SolutionProperties) = preSolution
		HideSolutionNode = FALSE
	EndGlobalSection
	GlobalSection(ExtensibilityGlobals) = postSolution
		SolutionGuid = {9B24AA47-A340-4A09-845B-D6276997A2E5}
	EndGlobalSection
EndGlobal
